
Microsoft Visual Studio Solution File, Format Version 12.00
# Visual Studio 15
Project("{FAE04EC0-301F-11D3-BF4B-00C04F79EFBC}") = "Assembly-CSharp", "Assembly-CSharp.csproj", "{81C296DD-9663-7613-219F-26BE83B32EF8}"
EndProject
Project("{FAE04EC0-301F-11D3-BF4B-00C04F79EFBC}") = "Assembly-CSharp-firstpass", "Assembly-CSharp-firstpass.csproj", "{4AB7417E-5371-2718-8E7C-BA6D2DAB77EB}"
EndProject
Project("{FAE04EC0-301F-11D3-BF4B-00C04F79EFBC}") = "Assembly-CSharp-Editor-firstpass", "Assembly-CSharp-Editor-firstpass.csproj", "{4D1E02EB-B7C3-48FC-68D0-C34FA79C5B82}"
EndProject
Project("{FAE04EC0-301F-11D3-BF4B-00C04F79EFBC}") = "Assembly-CSharp-Editor", "Assembly-CSharp-Editor.csproj", "{0909C565-1D20-3C37-94B3-8708736EE798}"
EndProject
Global
	GlobalSection(SolutionConfigurationPlatforms) = preSolution
		Debug|Any CPU = Debug|Any CPU
		Release|Any CPU = Release|Any CPU
	EndGlobalSection
	GlobalSection(ProjectConfigurationPlatforms) = postSolution
		{81C296DD-9663-7613-219F-26BE83B32EF8}.Debug|Any CPU.ActiveCfg = Debug|Any CPU
		{81C296DD-9663-7613-219F-26BE83B32EF8}.Debug|Any CPU.Build.0 = Debug|Any CPU
		{81C296DD-9663-7613-219F-26BE83B32EF8}.Release|Any CPU.ActiveCfg = Release|Any CPU
		{81C296DD-9663-7613-219F-26BE83B32EF8}.Release|Any CPU.Build.0 = Release|Any CPU
		{4AB7417E-5371-2718-8E7C-BA6D2DAB77EB}.Debug|Any CPU.ActiveCfg = Debug|Any CPU
		{4AB7417E-5371-2718-8E7C-BA6D2DAB77EB}.Debug|Any CPU.Build.0 = Debug|Any CPU
		{4AB7417E-5371-2718-8E7C-BA6D2DAB77EB}.Release|Any CPU.ActiveCfg = Release|Any CPU
		{4AB7417E-5371-2718-8E7C-BA6D2DAB77EB}.Release|Any CPU.Build.0 = Release|Any CPU
		{4D1E02EB-B7C3-48FC-68D0-C34FA79C5B82}.Debug|Any CPU.ActiveCfg = Debug|Any CPU
		{4D1E02EB-B7C3-48FC-68D0-C34FA79C5B82}.Debug|Any CPU.Build.0 = Debug|Any CPU
		{4D1E02EB-B7C3-48FC-68D0-C34FA79C5B82}.Release|Any CPU.ActiveCfg = Release|Any CPU
		{4D1E02EB-B7C3-48FC-68D0-C34FA79C5B82}.Release|Any CPU.Build.0 = Release|Any CPU
		{0909C565-1D20-3C37-94B3-8708736EE798}.Debug|Any CPU.ActiveCfg = Debug|Any CPU
		{0909C565-1D20-3C37-94B3-8708736EE798}.Debug|Any CPU.Build.0 = Debug|Any CPU
		{0909C565-1D20-3C37-94B3-8708736EE798}.Release|Any CPU.ActiveCfg = Release|Any CPU
		{0909C565-1D20-3C37-94B3-8708736EE798}.Release|Any CPU.Build.0 = Release|Any CPU
	EndGlobalSection
	GlobalSection(SolutionProperties) = preSolution
		HideSolutionNode = FALSE
	EndGlobalSection
EndGlobal
